
Microsoft Visual Studio Solution File, Format Version 12.00
# Visual Studio Version 17
VisualStudioVersion = 17.12.35707.178
MinimumVisualStudioVersion = 10.0.40219.1
Project("{FAE04EC0-301F-11D3-BF4B-00C04F79EFBC}") = "EcommerseNextGenPlatform", "EcommerseNextGenPlatform.csproj", "{3F239452-BFF5-465E-A89B-713B6B8B6FE3}"
EndProject
Project("{54A90642-561A-4BB1-A94E-469ADEE60C69}") = "ecomerse-frontend", "..\Ecomerse-Frontend\ecomerse-frontend.esproj", "{AF2B3003-E4BD-4810-B170-7546977F5A64}"
EndProject
Global
	GlobalSection(SolutionConfigurationPlatforms) = preSolution
		Debug|Any CPU = Debug|Any CPU
		Release|Any CPU = Release|Any CPU
	EndGlobalSection
	GlobalSection(ProjectConfigurationPlatforms) = postSolution
		{3F239452-BFF5-465E-A89B-713B6B8B6FE3}.Debug|Any CPU.ActiveCfg = Debug|Any CPU
		{3F239452-BFF5-465E-A89B-713B6B8B6FE3}.Debug|Any CPU.Build.0 = Debug|Any CPU
		{3F239452-BFF5-465E-A89B-713B6B8B6FE3}.Release|Any CPU.ActiveCfg = Release|Any CPU
		{3F239452-BFF5-465E-A89B-713B6B8B6FE3}.Release|Any CPU.Build.0 = Release|Any CPU
		{AF2B3003-E4BD-4810-B170-7546977F5A64}.Debug|Any CPU.ActiveCfg = Debug|Any CPU
		{AF2B3003-E4BD-4810-B170-7546977F5A64}.Debug|Any CPU.Build.0 = Debug|Any CPU
		{AF2B3003-E4BD-4810-B170-7546977F5A64}.Debug|Any CPU.Deploy.0 = Debug|Any CPU
		{AF2B3003-E4BD-4810-B170-7546977F5A64}.Release|Any CPU.ActiveCfg = Release|Any CPU
		{AF2B3003-E4BD-4810-B170-7546977F5A64}.Release|Any CPU.Build.0 = Release|Any CPU
		{AF2B3003-E4BD-4810-B170-7546977F5A64}.Release|Any CPU.Deploy.0 = Release|Any CPU
	EndGlobalSection
	GlobalSection(SolutionProperties) = preSolution
		HideSolutionNode = FALSE
	EndGlobalSection
EndGlobal
